
Microsoft Visual Studio Solution File, Format Version 12.00
# Visual Studio Version 16
VisualStudioVersion = 16.0.30011.22
MinimumVisualStudioVersion = 10.0.40219.1
Project("{9A19103F-16F7-4668-BE54-9A1E7A4F7556}") = "Algorithms", "Algorithms\Algorithms.csproj", "{E2B3FFF8-BAC5-4B91-93DA-1BC11F2776BC}"
EndProject
Project("{FAE04EC0-301F-11D3-BF4B-00C04F79EFBC}") = "AlgorithmTest", "AlgorithmTest\AlgorithmTest.csproj", "{A6BDB5F7-5F54-476C-AB28-1AF79C6E0376}"
EndProject
Global
	GlobalSection(SolutionConfigurationPlatforms) = preSolution
		Debug|Any CPU = Debug|Any CPU
		Release|Any CPU = Release|Any CPU
	EndGlobalSection
	GlobalSection(ProjectConfigurationPlatforms) = postSolution
		{E2B3FFF8-BAC5-4B91-93DA-1BC11F2776BC}.Debug|Any CPU.ActiveCfg = Debug|Any CPU
		{E2B3FFF8-BAC5-4B91-93DA-1BC11F2776BC}.Debug|Any CPU.Build.0 = Debug|Any CPU
		{E2B3FFF8-BAC5-4B91-93DA-1BC11F2776BC}.Release|Any CPU.ActiveCfg = Release|Any CPU
		{E2B3FFF8-BAC5-4B91-93DA-1BC11F2776BC}.Release|Any CPU.Build.0 = Release|Any CPU
		{A6BDB5F7-5F54-476C-AB28-1AF79C6E0376}.Debug|Any CPU.ActiveCfg = Debug|Any CPU
		{A6BDB5F7-5F54-476C-AB28-1AF79C6E0376}.Debug|Any CPU.Build.0 = Debug|Any CPU
		{A6BDB5F7-5F54-476C-AB28-1AF79C6E0376}.Release|Any CPU.ActiveCfg = Release|Any CPU
		{A6BDB5F7-5F54-476C-AB28-1AF79C6E0376}.Release|Any CPU.Build.0 = Release|Any CPU
	EndGlobalSection
	GlobalSection(SolutionProperties) = preSolution
		HideSolutionNode = FALSE
	EndGlobalSection
	GlobalSection(ExtensibilityGlobals) = postSolution
		SolutionGuid = {F72627D4-FA7B-4FFF-BCFE-596CE3187468}
	EndGlobalSection
EndGlobal
